
Microsoft Visual Studio Solution File, Format Version 12.00
# Visual Studio 2013
VisualStudioVersion = 12.0.21005.1
MinimumVisualStudioVersion = 10.0.40219.1
Project("{E24C65DC-7377-472B-9ABA-BC803B73C61A}") = "2_Laboras", "http://localhost:2124", "{ABD9FD1C-C29C-4D0C-AC65-53098AB3EF21}"
	ProjectSection(WebsiteProperties) = preProject
		UseIISExpress = "true"
		TargetFrameworkMoniker = ".NETFramework,Version%3Dv4.0"
		Debug.AspNetCompiler.VirtualPath = "/localhost_2124"
		Debug.AspNetCompiler.PhysicalPath = "2_Laboras\"
		Debug.AspNetCompiler.TargetPath = "PrecompiledWeb\localhost_2124\"
		Debug.AspNetCompiler.Updateable = "true"
		Debug.AspNetCompiler.ForceOverwrite = "true"
		Debug.AspNetCompiler.FixedNames = "false"
		Debug.AspNetCompiler.Debug = "True"
		Release.AspNetCompiler.VirtualPath = "/localhost_2124"
		Release.AspNetCompiler.PhysicalPath = "2_Laboras\"
		Release.AspNetCompiler.TargetPath = "PrecompiledWeb\localhost_2124\"
		Release.AspNetCompiler.Updateable = "true"
		Release.AspNetCompiler.ForceOverwrite = "true"
		Release.AspNetCompiler.FixedNames = "false"
		Release.AspNetCompiler.Debug = "False"
		SlnRelativePath = "2_Laboras\"
		DefaultWebSiteLanguage = "Visual C#"
	EndProjectSection
EndProject
Project("{E24C65DC-7377-472B-9ABA-BC803B73C61A}") = "3_Laboras", "http://localhost:8069", "{A298D09E-223B-4012-AEBE-E52DB975D6EC}"
	ProjectSection(WebsiteProperties) = preProject
		UseIISExpress = "true"
		TargetFrameworkMoniker = ".NETFramework,Version%3Dv4.5"
		Debug.AspNetCompiler.VirtualPath = "/localhost_8069"
		Debug.AspNetCompiler.PhysicalPath = "3_Laboras\"
		Debug.AspNetCompiler.TargetPath = "PrecompiledWeb\localhost_8069\"
		Debug.AspNetCompiler.Updateable = "true"
		Debug.AspNetCompiler.ForceOverwrite = "true"
		Debug.AspNetCompiler.FixedNames = "false"
		Debug.AspNetCompiler.Debug = "True"
		Release.AspNetCompiler.VirtualPath = "/localhost_8069"
		Release.AspNetCompiler.PhysicalPath = "3_Laboras\"
		Release.AspNetCompiler.TargetPath = "PrecompiledWeb\localhost_8069\"
		Release.AspNetCompiler.Updateable = "true"
		Release.AspNetCompiler.ForceOverwrite = "true"
		Release.AspNetCompiler.FixedNames = "false"
		Release.AspNetCompiler.Debug = "False"
		SlnRelativePath = "3_Laboras\"
		DefaultWebSiteLanguage = "Visual C#"
	EndProjectSection
EndProject
Project("{E24C65DC-7377-472B-9ABA-BC803B73C61A}") = "4_Laboras", "http://localhost:2931", "{6482B786-7907-4CC7-B245-FB56FBFC698D}"
	ProjectSection(WebsiteProperties) = preProject
		UseIISExpress = "true"
		TargetFrameworkMoniker = ".NETFramework,Version%3Dv4.5"
		Debug.AspNetCompiler.VirtualPath = "/localhost_2931"
		Debug.AspNetCompiler.PhysicalPath = "4_Laboras\"
		Debug.AspNetCompiler.TargetPath = "PrecompiledWeb\localhost_2931\"
		Debug.AspNetCompiler.Updateable = "true"
		Debug.AspNetCompiler.ForceOverwrite = "true"
		Debug.AspNetCompiler.FixedNames = "false"
		Debug.AspNetCompiler.Debug = "True"
		Release.AspNetCompiler.VirtualPath = "/localhost_2931"
		Release.AspNetCompiler.PhysicalPath = "4_Laboras\"
		Release.AspNetCompiler.TargetPath = "PrecompiledWeb\localhost_2931\"
		Release.AspNetCompiler.Updateable = "true"
		Release.AspNetCompiler.ForceOverwrite = "true"
		Release.AspNetCompiler.FixedNames = "false"
		Release.AspNetCompiler.Debug = "False"
		SlnRelativePath = "4_Laboras\"
		DefaultWebSiteLanguage = "Visual C#"
	EndProjectSection
EndProject
Project("{E24C65DC-7377-472B-9ABA-BC803B73C61A}") = "5_Laboras", "http://localhost:7410", "{8AA4C00D-F4DE-4889-BBF1-B4A339618731}"
	ProjectSection(WebsiteProperties) = preProject
		UseIISExpress = "true"
		TargetFrameworkMoniker = ".NETFramework,Version%3Dv4.5"
		Debug.AspNetCompiler.VirtualPath = "/localhost_7410"
		Debug.AspNetCompiler.PhysicalPath = "5_Laboras\"
		Debug.AspNetCompiler.TargetPath = "PrecompiledWeb\localhost_7410\"
		Debug.AspNetCompiler.Updateable = "true"
		Debug.AspNetCompiler.ForceOverwrite = "true"
		Debug.AspNetCompiler.FixedNames = "false"
		Debug.AspNetCompiler.Debug = "True"
		Release.AspNetCompiler.VirtualPath = "/localhost_7410"
		Release.AspNetCompiler.PhysicalPath = "5_Laboras\"
		Release.AspNetCompiler.TargetPath = "PrecompiledWeb\localhost_7410\"
		Release.AspNetCompiler.Updateable = "true"
		Release.AspNetCompiler.ForceOverwrite = "true"
		Release.AspNetCompiler.FixedNames = "false"
		Release.AspNetCompiler.Debug = "False"
		SlnRelativePath = "5_Laboras\"
		DefaultWebSiteLanguage = "Visual C#"
	EndProjectSection
EndProject
Project("{E24C65DC-7377-472B-9ABA-BC803B73C61A}") = "6_LaborasGynimas", "http://localhost:2939", "{13F4093C-E93F-4E85-8264-A0F3EBE66C89}"
	ProjectSection(WebsiteProperties) = preProject
		UseIISExpress = "true"
		TargetFrameworkMoniker = ".NETFramework,Version%3Dv4.5"
		Debug.AspNetCompiler.VirtualPath = "/localhost_2939"
		Debug.AspNetCompiler.PhysicalPath = "6_LaborasGynimas\"
		Debug.AspNetCompiler.TargetPath = "PrecompiledWeb\localhost_2939\"
		Debug.AspNetCompiler.Updateable = "true"
		Debug.AspNetCompiler.ForceOverwrite = "true"
		Debug.AspNetCompiler.FixedNames = "false"
		Debug.AspNetCompiler.Debug = "True"
		Release.AspNetCompiler.VirtualPath = "/localhost_2939"
		Release.AspNetCompiler.PhysicalPath = "6_LaborasGynimas\"
		Release.AspNetCompiler.TargetPath = "PrecompiledWeb\localhost_2939\"
		Release.AspNetCompiler.Updateable = "true"
		Release.AspNetCompiler.ForceOverwrite = "true"
		Release.AspNetCompiler.FixedNames = "false"
		Release.AspNetCompiler.Debug = "False"
		SlnRelativePath = "6_LaborasGynimas\"
		DefaultWebSiteLanguage = "Visual C#"
	EndProjectSection
EndProject
Project("{E24C65DC-7377-472B-9ABA-BC803B73C61A}") = "7_Laboras", "http://localhost:3157", "{AD228F9A-8B76-4759-AAB2-378C313D8882}"
	ProjectSection(WebsiteProperties) = preProject
		UseIISExpress = "true"
		TargetFrameworkMoniker = ".NETFramework,Version%3Dv4.5"
		Debug.AspNetCompiler.VirtualPath = "/localhost_3157"
		Debug.AspNetCompiler.PhysicalPath = "7_Laboras\"
		Debug.AspNetCompiler.TargetPath = "PrecompiledWeb\localhost_3157\"
		Debug.AspNetCompiler.Updateable = "true"
		Debug.AspNetCompiler.ForceOverwrite = "true"
		Debug.AspNetCompiler.FixedNames = "false"
		Debug.AspNetCompiler.Debug = "True"
		Release.AspNetCompiler.VirtualPath = "/localhost_3157"
		Release.AspNetCompiler.PhysicalPath = "7_Laboras\"
		Release.AspNetCompiler.TargetPath = "PrecompiledWeb\localhost_3157\"
		Release.AspNetCompiler.Updateable = "true"
		Release.AspNetCompiler.ForceOverwrite = "true"
		Release.AspNetCompiler.FixedNames = "false"
		Release.AspNetCompiler.Debug = "False"
		SlnRelativePath = "7_Laboras\"
		DefaultWebSiteLanguage = "Visual C#"
	EndProjectSection
EndProject
Project("{E24C65DC-7377-472B-9ABA-BC803B73C61A}") = "8_Laboras(1)", "http://localhost:27359", "{7BD22637-66B8-4D09-97BC-887AB7567DAE}"
	ProjectSection(WebsiteProperties) = preProject
		UseIISExpress = "true"
		TargetFrameworkMoniker = ".NETFramework,Version%3Dv4.5"
		Debug.AspNetCompiler.VirtualPath = "/localhost_27359"
		Debug.AspNetCompiler.PhysicalPath = "8_Laboras\"
		Debug.AspNetCompiler.TargetPath = "PrecompiledWeb\localhost_27359\"
		Debug.AspNetCompiler.Updateable = "true"
		Debug.AspNetCompiler.ForceOverwrite = "true"
		Debug.AspNetCompiler.FixedNames = "false"
		Debug.AspNetCompiler.Debug = "True"
		Release.AspNetCompiler.VirtualPath = "/localhost_27359"
		Release.AspNetCompiler.PhysicalPath = "8_Laboras\"
		Release.AspNetCompiler.TargetPath = "PrecompiledWeb\localhost_27359\"
		Release.AspNetCompiler.Updateable = "true"
		Release.AspNetCompiler.ForceOverwrite = "true"
		Release.AspNetCompiler.FixedNames = "false"
		Release.AspNetCompiler.Debug = "False"
		SlnRelativePath = "8_Laboras\"
		DefaultWebSiteLanguage = "Visual C#"
	EndProjectSection
EndProject
Global
	GlobalSection(SolutionConfigurationPlatforms) = preSolution
		Debug|Any CPU = Debug|Any CPU
		Release|Any CPU = Release|Any CPU
	EndGlobalSection
	GlobalSection(ProjectConfigurationPlatforms) = postSolution
		{ABD9FD1C-C29C-4D0C-AC65-53098AB3EF21}.Debug|Any CPU.ActiveCfg = Debug|Any CPU
		{ABD9FD1C-C29C-4D0C-AC65-53098AB3EF21}.Debug|Any CPU.Build.0 = Debug|Any CPU
		{ABD9FD1C-C29C-4D0C-AC65-53098AB3EF21}.Release|Any CPU.ActiveCfg = Debug|Any CPU
		{ABD9FD1C-C29C-4D0C-AC65-53098AB3EF21}.Release|Any CPU.Build.0 = Debug|Any CPU
		{A298D09E-223B-4012-AEBE-E52DB975D6EC}.Debug|Any CPU.ActiveCfg = Debug|Any CPU
		{A298D09E-223B-4012-AEBE-E52DB975D6EC}.Debug|Any CPU.Build.0 = Debug|Any CPU
		{A298D09E-223B-4012-AEBE-E52DB975D6EC}.Release|Any CPU.ActiveCfg = Debug|Any CPU
		{A298D09E-223B-4012-AEBE-E52DB975D6EC}.Release|Any CPU.Build.0 = Debug|Any CPU
		{6482B786-7907-4CC7-B245-FB56FBFC698D}.Debug|Any CPU.ActiveCfg = Debug|Any CPU
		{6482B786-7907-4CC7-B245-FB56FBFC698D}.Debug|Any CPU.Build.0 = Debug|Any CPU
		{6482B786-7907-4CC7-B245-FB56FBFC698D}.Release|Any CPU.ActiveCfg = Debug|Any CPU
		{6482B786-7907-4CC7-B245-FB56FBFC698D}.Release|Any CPU.Build.0 = Debug|Any CPU
		{8AA4C00D-F4DE-4889-BBF1-B4A339618731}.Debug|Any CPU.ActiveCfg = Debug|Any CPU
		{8AA4C00D-F4DE-4889-BBF1-B4A339618731}.Debug|Any CPU.Build.0 = Debug|Any CPU
		{8AA4C00D-F4DE-4889-BBF1-B4A339618731}.Release|Any CPU.ActiveCfg = Debug|Any CPU
		{8AA4C00D-F4DE-4889-BBF1-B4A339618731}.Release|Any CPU.Build.0 = Debug|Any CPU
		{13F4093C-E93F-4E85-8264-A0F3EBE66C89}.Debug|Any CPU.ActiveCfg = Debug|Any CPU
		{13F4093C-E93F-4E85-8264-A0F3EBE66C89}.Debug|Any CPU.Build.0 = Debug|Any CPU
		{13F4093C-E93F-4E85-8264-A0F3EBE66C89}.Release|Any CPU.ActiveCfg = Debug|Any CPU
		{13F4093C-E93F-4E85-8264-A0F3EBE66C89}.Release|Any CPU.Build.0 = Debug|Any CPU
		{AD228F9A-8B76-4759-AAB2-378C313D8882}.Debug|Any CPU.ActiveCfg = Debug|Any CPU
		{AD228F9A-8B76-4759-AAB2-378C313D8882}.Debug|Any CPU.Build.0 = Debug|Any CPU
		{AD228F9A-8B76-4759-AAB2-378C313D8882}.Release|Any CPU.ActiveCfg = Debug|Any CPU
		{AD228F9A-8B76-4759-AAB2-378C313D8882}.Release|Any CPU.Build.0 = Debug|Any CPU
		{7BD22637-66B8-4D09-97BC-887AB7567DAE}.Debug|Any CPU.ActiveCfg = Debug|Any CPU
		{7BD22637-66B8-4D09-97BC-887AB7567DAE}.Debug|Any CPU.Build.0 = Debug|Any CPU
		{7BD22637-66B8-4D09-97BC-887AB7567DAE}.Release|Any CPU.ActiveCfg = Debug|Any CPU
		{7BD22637-66B8-4D09-97BC-887AB7567DAE}.Release|Any CPU.Build.0 = Debug|Any CPU
	EndGlobalSection
	GlobalSection(SolutionProperties) = preSolution
		HideSolutionNode = FALSE
	EndGlobalSection
EndGlobal
